{
    "name": "baz",
    "lockfileVersion": 3,
    "requires": true,
    "packages": {
        "": {
            "name": "baz",
            "dependencies": {
                "bar": "file:./packages/bar"
            }
        },
        "node_modules/bar": {
            "resolved": "packages/bar",
            "link": true
        },
        "packages/bar": {}
    }
}
