{
  "name": "npm-local-package-playground",
  "version": "1.0.0",
  "lockfileVersion": 3,
  "requires": true,
  "packages": {
    "": {
      "version": "1.0.0",
      "license": "AGPL-version-3.0",
      "dependencies": {
        "bar": "file:./packages/bar"
      },
      "devDependencies": {},
      "engines": {
        "node": ">= 14.0.0",
        "npm": ">= 6.0.0"
      }
    },
    "node_modules/bar": {
      "resolved": "packages/bar",
      "link": true
    },
    "packages/bar": {}
  }
}
